
Microsoft Visual Studio Solution File, Format Version 12.00
# Visual Studio Version 16
VisualStudioVersion = 16.0.30128.74
MinimumVisualStudioVersion = 10.0.40219.1
Project("{FAE04EC0-301F-11D3-BF4B-00C04F79EFBC}") = "CityInfo.API", "CityInfo.API\CityInfo.API.csproj", "{A70FFFF1-FF80-4777-A2A8-FCCF8CF60AE7}"
EndProject
Global
	GlobalSection(SolutionConfigurationPlatforms) = preSolution
		Debug|Any CPU = Debug|Any CPU
		Release|Any CPU = Release|Any CPU
	EndGlobalSection
	GlobalSection(ProjectConfigurationPlatforms) = postSolution
		{A70FFFF1-FF80-4777-A2A8-FCCF8CF60AE7}.Debug|Any CPU.ActiveCfg = Debug|Any CPU
		{A70FFFF1-FF80-4777-A2A8-FCCF8CF60AE7}.Debug|Any CPU.Build.0 = Debug|Any CPU
		{A70FFFF1-FF80-4777-A2A8-FCCF8CF60AE7}.Release|Any CPU.ActiveCfg = Release|Any CPU
		{A70FFFF1-FF80-4777-A2A8-FCCF8CF60AE7}.Release|Any CPU.Build.0 = Release|Any CPU
	EndGlobalSection
	GlobalSection(SolutionProperties) = preSolution
		HideSolutionNode = FALSE
	EndGlobalSection
	GlobalSection(ExtensibilityGlobals) = postSolution
		SolutionGuid = {59A5E849-B87A-4CEE-8020-9543A5EF0344}
	EndGlobalSection
EndGlobal
